
Microsoft Visual Studio Solution File, Format Version 12.00
# Visual Studio 2012
Project("{FAE04EC0-301F-11D3-BF4B-00C04F79EFBC}") = "Bai 1", "Bai 1\Bai 1.csproj", "{A97DAECA-BD97-4DBD-9473-EF3324032AFE}"
EndProject
Global
	GlobalSection(SolutionConfigurationPlatforms) = preSolution
		Debug|Any CPU = Debug|Any CPU
		Release|Any CPU = Release|Any CPU
	EndGlobalSection
	GlobalSection(ProjectConfigurationPlatforms) = postSolution
		{A97DAECA-BD97-4DBD-9473-EF3324032AFE}.Debug|Any CPU.ActiveCfg = Debug|Any CPU
		{A97DAECA-BD97-4DBD-9473-EF3324032AFE}.Debug|Any CPU.Build.0 = Debug|Any CPU
		{A97DAECA-BD97-4DBD-9473-EF3324032AFE}.Release|Any CPU.ActiveCfg = Release|Any CPU
		{A97DAECA-BD97-4DBD-9473-EF3324032AFE}.Release|Any CPU.Build.0 = Release|Any CPU
	EndGlobalSection
	GlobalSection(SolutionProperties) = preSolution
		HideSolutionNode = FALSE
	EndGlobalSection
EndGlobal
